// !$*UTF8*$!
{
	archiveVersion = 1;
	classes = {
	};
	objectVersion = 46;
	objects = {

/* Begin PBXBuildFile section */
		1B0A2B9F1AF7807200D8D0D6 /* SettingsViewController.swift in Sources */ = {isa = PBXBuildFile; fileRef = 1B0A2B9E1AF7807200D8D0D6 /* SettingsViewController.swift */; };
		1B0A94A11A6C809E00DCFC85 /* AppDelegate.swift in Sources */ = {isa = PBXBuildFile; fileRef = 1B0A94A01A6C809E00DCFC85 /* AppDelegate.swift */; };
		1B0A94A31A6C809E00DCFC85 /* VariablesViewController.swift in Sources */ = {isa = PBXBuildFile; fileRef = 1B0A94A21A6C809E00DCFC85 /* VariablesViewController.swift */; };
		1B0A94A61A6C809E00DCFC85 /* Main.storyboard in Resources */ = {isa = PBXBuildFile; fileRef = 1B0A94A41A6C809E00DCFC85 /* Main.storyboard */; };
		1B0A94A81A6C809E00DCFC85 /* Images.xcassets in Resources */ = {isa = PBXBuildFile; fileRef = 1B0A94A71A6C809E00DCFC85 /* Images.xcassets */; };
		1B0A94AB1A6C809E00DCFC85 /* LaunchScreen.xib in Resources */ = {isa = PBXBuildFile; fileRef = 1B0A94A91A6C809E00DCFC85 /* LaunchScreen.xib */; };
		1B165B751A6EA9F20096F290 /* Calculator.swift in Sources */ = {isa = PBXBuildFile; fileRef = 1B165B741A6EA9F20096F290 /* Calculator.swift */; };
		1B3FE1C41AD6B437003B32AC /* WelcomeViewController.swift in Sources */ = {isa = PBXBuildFile; fileRef = 1B3FE1C31AD6B437003B32AC /* WelcomeViewController.swift */; };
		1B7E266F1AFCD31100F430FB /* MessageUI.framework in Frameworks */ = {isa = PBXBuildFile; fileRef = 1B7E266E1AFCD31100F430FB /* MessageUI.framework */; };
		1B82F1C71B027CA400CAA41D /* Tools.swift in Sources */ = {isa = PBXBuildFile; fileRef = 1B82F1C61B027CA400CAA41D /* Tools.swift */; };
		1B9BA7D51AFCFA7300AE57C4 /* Social.framework in Frameworks */ = {isa = PBXBuildFile; fileRef = 1B9BA7D41AFCFA7300AE57C4 /* Social.framework */; };
		1B9F720B1A7644E70062D606 /* ConstantsViewController.swift in Sources */ = {isa = PBXBuildFile; fileRef = 1B9F720A1A7644E70062D606 /* ConstantsViewController.swift */; };
		1BCA7A3C1AB9D6BA005A3CCC /* SuggestionsViewController.swift in Sources */ = {isa = PBXBuildFile; fileRef = 1BCA7A3B1AB9D6BA005A3CCC /* SuggestionsViewController.swift */; };
		1BD0B85E1AB35211000C909F /* HealthKit.framework in Frameworks */ = {isa = PBXBuildFile; fileRef = 1BD0B85D1AB35211000C909F /* HealthKit.framework */; };
		1BD0B8601AB35497000C909F /* HealthManager.swift in Sources */ = {isa = PBXBuildFile; fileRef = 1BD0B85F1AB35497000C909F /* HealthManager.swift */; };
		1BEA514F1B32BA9D00C106BD /* Extensions.swift in Sources */ = {isa = PBXBuildFile; fileRef = 1BEA514E1B32BA9D00C106BD /* Extensions.swift */; };
		1BFE62E31AFA33CD0056A0FA /* StoreKit.framework in Frameworks */ = {isa = PBXBuildFile; fileRef = 1BFE62E21AFA33CD0056A0FA /* StoreKit.framework */; };
		2E48EAD31AC975F400E0F856 /* PreferencesManager.swift in Sources */ = {isa = PBXBuildFile; fileRef = 2E48EAD21AC975F400E0F856 /* PreferencesManager.swift */; };
/* End PBXBuildFile section */

/* Begin PBXFileReference section */
		1B0A2B9E1AF7807200D8D0D6 /* SettingsViewController.swift */ = {isa = PBXFileReference; fileEncoding = 4; lastKnownFileType = sourcecode.swift; path = SettingsViewController.swift; sourceTree = "<group>"; };
		1B0A949B1A6C809E00DCFC85 /* Insulator.app */ = {isa = PBXFileReference; explicitFileType = wrapper.application; includeInIndex = 0; path = Insulator.app; sourceTree = BUILT_PRODUCTS_DIR; };
		1B0A949F1A6C809E00DCFC85 /* Info.plist */ = {isa = PBXFileReference; lastKnownFileType = text.plist.xml; path = Info.plist; sourceTree = "<group>"; };
		1B0A94A01A6C809E00DCFC85 /* AppDelegate.swift */ = {isa = PBXFileReference; lastKnownFileType = sourcecode.swift; path = AppDelegate.swift; sourceTree = "<group>"; };
		1B0A94A21A6C809E00DCFC85 /* VariablesViewController.swift */ = {isa = PBXFileReference; lastKnownFileType = sourcecode.swift; path = VariablesViewController.swift; sourceTree = "<group>"; };
		1B0A94A51A6C809E00DCFC85 /* Base */ = {isa = PBXFileReference; lastKnownFileType = file.storyboard; name = Base; path = Base.lproj/Main.storyboard; sourceTree = "<group>"; };
		1B0A94A71A6C809E00DCFC85 /* Images.xcassets */ = {isa = PBXFileReference; lastKnownFileType = folder.assetcatalog; path = Images.xcassets; sourceTree = "<group>"; };
		1B0A94AA1A6C809E00DCFC85 /* Base */ = {isa = PBXFileReference; lastKnownFileType = file.xib; name = Base; path = Base.lproj/LaunchScreen.xib; sourceTree = "<group>"; };
		1B165B741A6EA9F20096F290 /* Calculator.swift */ = {isa = PBXFileReference; fileEncoding = 4; lastKnownFileType = sourcecode.swift; path = Calculator.swift; sourceTree = "<group>"; };
		1B3FE1C31AD6B437003B32AC /* WelcomeViewController.swift */ = {isa = PBXFileReference; fileEncoding = 4; lastKnownFileType = sourcecode.swift; path = WelcomeViewController.swift; sourceTree = "<group>"; };
		1B7E266E1AFCD31100F430FB /* MessageUI.framework */ = {isa = PBXFileReference; lastKnownFileType = wrapper.framework; name = MessageUI.framework; path = System/Library/Frameworks/MessageUI.framework; sourceTree = SDKROOT; };
		1B82F1C61B027CA400CAA41D /* Tools.swift */ = {isa = PBXFileReference; fileEncoding = 4; lastKnownFileType = sourcecode.swift; path = Tools.swift; sourceTree = "<group>"; };
		1B9BA7D41AFCFA7300AE57C4 /* Social.framework */ = {isa = PBXFileReference; lastKnownFileType = wrapper.framework; name = Social.framework; path = System/Library/Frameworks/Social.framework; sourceTree = SDKROOT; };
		1B9F720A1A7644E70062D606 /* ConstantsViewController.swift */ = {isa = PBXFileReference; fileEncoding = 4; lastKnownFileType = sourcecode.swift; path = ConstantsViewController.swift; sourceTree = "<group>"; };
		1BCA7A3B1AB9D6BA005A3CCC /* SuggestionsViewController.swift */ = {isa = PBXFileReference; fileEncoding = 4; lastKnownFileType = sourcecode.swift; path = SuggestionsViewController.swift; sourceTree = "<group>"; };
		1BD0B8541AB346D3000C909F /* Insulator.entitlements */ = {isa = PBXFileReference; lastKnownFileType = text.xml; path = Insulator.entitlements; sourceTree = "<group>"; };
		1BD0B85D1AB35211000C909F /* HealthKit.framework */ = {isa = PBXFileReference; lastKnownFileType = wrapper.framework; name = HealthKit.framework; path = System/Library/Frameworks/HealthKit.framework; sourceTree = SDKROOT; };
		1BD0B85F1AB35497000C909F /* HealthManager.swift */ = {isa = PBXFileReference; fileEncoding = 4; lastKnownFileType = sourcecode.swift; name = HealthManager.swift; path = ../HealthManager.swift; sourceTree = "<group>"; };
		1BEA514E1B32BA9D00C106BD /* Extensions.swift */ = {isa = PBXFileReference; fileEncoding = 4; lastKnownFileType = sourcecode.swift; path = Extensions.swift; sourceTree = "<group>"; };
		1BFE62E21AFA33CD0056A0FA /* StoreKit.framework */ = {isa = PBXFileReference; lastKnownFileType = wrapper.framework; name = StoreKit.framework; path = System/Library/Frameworks/StoreKit.framework; sourceTree = SDKROOT; };
		2E48EAD21AC975F400E0F856 /* PreferencesManager.swift */ = {isa = PBXFileReference; fileEncoding = 4; lastKnownFileType = sourcecode.swift; path = PreferencesManager.swift; sourceTree = "<group>"; };
/* End PBXFileReference section */

/* Begin PBXFrameworksBuildPhase section */
		1B0A94981A6C809E00DCFC85 /* Frameworks */ = {
			isa = PBXFrameworksBuildPhase;
			buildActionMask = 2147483647;
			files = (
				1B9BA7D51AFCFA7300AE57C4 /* Social.framework in Frameworks */,
				1B7E266F1AFCD31100F430FB /* MessageUI.framework in Frameworks */,
				1BD0B85E1AB35211000C909F /* HealthKit.framework in Frameworks */,
				1BFE62E31AFA33CD0056A0FA /* StoreKit.framework in Frameworks */,
			);
			runOnlyForDeploymentPostprocessing = 0;
		};
/* End PBXFrameworksBuildPhase section */

/* Begin PBXGroup section */
		1B0A94921A6C809E00DCFC85 = {
			isa = PBXGroup;
			children = (
				1B9BA7D41AFCFA7300AE57C4 /* Social.framework */,
				1B7E266E1AFCD31100F430FB /* MessageUI.framework */,
				1BFE62E21AFA33CD0056A0FA /* StoreKit.framework */,
				1BD0B85D1AB35211000C909F /* HealthKit.framework */,
				1B0A949D1A6C809E00DCFC85 /* Insulator */,
				1B0A949C1A6C809E00DCFC85 /* Products */,
			);
			sourceTree = "<group>";
		};
		1B0A949C1A6C809E00DCFC85 /* Products */ = {
			isa = PBXGroup;
			children = (
				1B0A949B1A6C809E00DCFC85 /* Insulator.app */,
			);
			name = Products;
			sourceTree = "<group>";
		};
		1B0A949D1A6C809E00DCFC85 /* Insulator */ = {
			isa = PBXGroup;
			children = (
				1BD0B8541AB346D3000C909F /* Insulator.entitlements */,
				1B0A94A01A6C809E00DCFC85 /* AppDelegate.swift */,
				1BD0B85F1AB35497000C909F /* HealthManager.swift */,
				2E48EAD21AC975F400E0F856 /* PreferencesManager.swift */,
				1B165B741A6EA9F20096F290 /* Calculator.swift */,
				1B82F1C61B027CA400CAA41D /* Tools.swift */,
				1BEA514E1B32BA9D00C106BD /* Extensions.swift */,
				1B3834531AD1E75E0039CD6C /* View Controllers */,
				1B0A94A41A6C809E00DCFC85 /* Main.storyboard */,
				1B0A94A91A6C809E00DCFC85 /* LaunchScreen.xib */,
				1B0A94A71A6C809E00DCFC85 /* Images.xcassets */,
				1B0A949E1A6C809E00DCFC85 /* Supporting Files */,
			);
			path = Insulator;
			sourceTree = "<group>";
		};
		1B0A949E1A6C809E00DCFC85 /* Supporting Files */ = {
			isa = PBXGroup;
			children = (
				1B0A949F1A6C809E00DCFC85 /* Info.plist */,
			);
			name = "Supporting Files";
			sourceTree = "<group>";
		};
		1B3834531AD1E75E0039CD6C /* View Controllers */ = {
			isa = PBXGroup;
			children = (
				1B3FE1C31AD6B437003B32AC /* WelcomeViewController.swift */,
				1B0A94A21A6C809E00DCFC85 /* VariablesViewController.swift */,
				1B9F720A1A7644E70062D606 /* ConstantsViewController.swift */,
				1BCA7A3B1AB9D6BA005A3CCC /* SuggestionsViewController.swift */,
				1B0A2B9E1AF7807200D8D0D6 /* SettingsViewController.swift */,
			);
			name = "View Controllers";
			sourceTree = "<group>";
		};
/* End PBXGroup section */

/* Begin PBXNativeTarget section */
		1B0A949A1A6C809E00DCFC85 /* Insulator */ = {
			isa = PBXNativeTarget;
			buildConfigurationList = 1B0A94BA1A6C809E00DCFC85 /* Build configuration list for PBXNativeTarget "Insulator" */;
			buildPhases = (
				1B0A94971A6C809E00DCFC85 /* Sources */,
				1B0A94981A6C809E00DCFC85 /* Frameworks */,
				1B0A94991A6C809E00DCFC85 /* Resources */,
			);
			buildRules = (
			);
			dependencies = (
			);
			name = Insulator;
			productName = Insulator;
			productReference = 1B0A949B1A6C809E00DCFC85 /* Insulator.app */;
			productType = "com.apple.product-type.application";
		};
/* End PBXNativeTarget section */

/* Begin PBXProject section */
		1B0A94931A6C809E00DCFC85 /* Project object */ = {
			isa = PBXProject;
			attributes = {
				LastSwiftUpdateCheck = 0700;
				LastUpgradeCheck = 0700;
				ORGANIZATIONNAME = "Ben David Walker";
				TargetAttributes = {
					1B0A949A1A6C809E00DCFC85 = {
						CreatedOnToolsVersion = 6.1.1;
						DevelopmentTeam = Q26KW2LXSE;
						SystemCapabilities = {
							com.apple.HealthKit = {
								enabled = 1;
							};
							com.apple.InAppPurchase = {
								enabled = 1;
							};
						};
					};
				};
			};
			buildConfigurationList = 1B0A94961A6C809E00DCFC85 /* Build configuration list for PBXProject "Insulator" */;
			compatibilityVersion = "Xcode 3.2";
			developmentRegion = English;
			hasScannedForEncodings = 0;
			knownRegions = (
				en,
				Base,
			);
			mainGroup = 1B0A94921A6C809E00DCFC85;
			productRefGroup = 1B0A949C1A6C809E00DCFC85 /* Products */;
			projectDirPath = "";
			projectRoot = "";
			targets = (
				1B0A949A1A6C809E00DCFC85 /* Insulator */,
			);
		};
/* End PBXProject section */

/* Begin PBXResourcesBuildPhase section */
		1B0A94991A6C809E00DCFC85 /* Resources */ = {
			isa = PBXResourcesBuildPhase;
			buildActionMask = 2147483647;
			files = (
				1B0A94A61A6C809E00DCFC85 /* Main.storyboard in Resources */,
				1B0A94AB1A6C809E00DCFC85 /* LaunchScreen.xib in Resources */,
				1B0A94A81A6C809E00DCFC85 /* Images.xcassets in Resources */,
			);
			runOnlyForDeploymentPostprocessing = 0;
		};
/* End PBXResourcesBuildPhase section */

/* Begin PBXSourcesBuildPhase section */
		1B0A94971A6C809E00DCFC85 /* Sources */ = {
			isa = PBXSourcesBuildPhase;
			buildActionMask = 2147483647;
			files = (
				1B3FE1C41AD6B437003B32AC /* WelcomeViewController.swift in Sources */,
				1B9F720B1A7644E70062D606 /* ConstantsViewController.swift in Sources */,
				1B0A94A31A6C809E00DCFC85 /* VariablesViewController.swift in Sources */,
				1B0A2B9F1AF7807200D8D0D6 /* SettingsViewController.swift in Sources */,
				1BCA7A3C1AB9D6BA005A3CCC /* SuggestionsViewController.swift in Sources */,
				1B0A94A11A6C809E00DCFC85 /* AppDelegate.swift in Sources */,
				1B82F1C71B027CA400CAA41D /* Tools.swift in Sources */,
				1B165B751A6EA9F20096F290 /* Calculator.swift in Sources */,
				1BD0B8601AB35497000C909F /* HealthManager.swift in Sources */,
				1BEA514F1B32BA9D00C106BD /* Extensions.swift in Sources */,
				2E48EAD31AC975F400E0F856 /* PreferencesManager.swift in Sources */,
			);
			runOnlyForDeploymentPostprocessing = 0;
		};
/* End PBXSourcesBuildPhase section */

/* Begin PBXVariantGroup section */
		1B0A94A41A6C809E00DCFC85 /* Main.storyboard */ = {
			isa = PBXVariantGroup;
			children = (
				1B0A94A51A6C809E00DCFC85 /* Base */,
			);
			name = Main.storyboard;
			sourceTree = "<group>";
		};
		1B0A94A91A6C809E00DCFC85 /* LaunchScreen.xib */ = {
			isa = PBXVariantGroup;
			children = (
				1B0A94AA1A6C809E00DCFC85 /* Base */,
			);
			name = LaunchScreen.xib;
			sourceTree = "<group>";
		};
/* End PBXVariantGroup section */

/* Begin XCBuildConfiguration section */
		1B0A94B81A6C809E00DCFC85 /* Debug */ = {
			isa = XCBuildConfiguration;
			buildSettings = {
				ALWAYS_SEARCH_USER_PATHS = NO;
				CLANG_CXX_LANGUAGE_STANDARD = "gnu++0x";
				CLANG_CXX_LIBRARY = "libc++";
				CLANG_ENABLE_MODULES = YES;
				CLANG_ENABLE_OBJC_ARC = YES;
				CLANG_WARN_BOOL_CONVERSION = YES;
				CLANG_WARN_CONSTANT_CONVERSION = YES;
				CLANG_WARN_DIRECT_OBJC_ISA_USAGE = YES_ERROR;
				CLANG_WARN_EMPTY_BODY = YES;
				CLANG_WARN_ENUM_CONVERSION = YES;
				CLANG_WARN_INT_CONVERSION = YES;
				CLANG_WARN_OBJC_ROOT_CLASS = YES_ERROR;
				CLANG_WARN_UNREACHABLE_CODE = YES;
				CLANG_WARN__DUPLICATE_METHOD_MATCH = YES;
				"CODE_SIGN_IDENTITY[sdk=iphoneos*]" = "iPhone Developer";
				COPY_PHASE_STRIP = NO;
				ENABLE_STRICT_OBJC_MSGSEND = YES;
				ENABLE_TESTABILITY = YES;
				GCC_C_LANGUAGE_STANDARD = gnu99;
				GCC_DYNAMIC_NO_PIC = NO;
				GCC_OPTIMIZATION_LEVEL = 0;
				GCC_PREPROCESSOR_DEFINITIONS = (
					"DEBUG=1",
					"$(inherited)",
				);
				GCC_SYMBOLS_PRIVATE_EXTERN = NO;
				GCC_WARN_64_TO_32_BIT_CONVERSION = YES;
				GCC_WARN_ABOUT_RETURN_TYPE = YES_ERROR;
				GCC_WARN_UNDECLARED_SELECTOR = YES;
				GCC_WARN_UNINITIALIZED_AUTOS = YES_AGGRESSIVE;
				GCC_WARN_UNUSED_FUNCTION = YES;
				GCC_WARN_UNUSED_VARIABLE = YES;
				IPHONEOS_DEPLOYMENT_TARGET = 9.0;
				MTL_ENABLE_DEBUG_INFO = YES;
				ONLY_ACTIVE_ARCH = YES;
				SDKROOT = iphoneos;
				SWIFT_OPTIMIZATION_LEVEL = "-Onone";
			};
			name = Debug;
		};
		1B0A94B91A6C809E00DCFC85 /* Release */ = {
			isa = XCBuildConfiguration;
			buildSettings = {
				ALWAYS_SEARCH_USER_PATHS = NO;
				CLANG_CXX_LANGUAGE_STANDARD = "gnu++0x";
				CLANG_CXX_LIBRARY = "libc++";
				CLANG_ENABLE_MODULES = YES;
				CLANG_ENABLE_OBJC_ARC = YES;
				CLANG_WARN_BOOL_CONVERSION = YES;
				CLANG_WARN_CONSTANT_CONVERSION = YES;
				CLANG_WARN_DIRECT_OBJC_ISA_USAGE = YES_ERROR;
				CLANG_WARN_EMPTY_BODY = YES;
				CLANG_WARN_ENUM_CONVERSION = YES;
				CLANG_WARN_INT_CONVERSION = YES;
				CLANG_WARN_OBJC_ROOT_CLASS = YES_ERROR;
				CLANG_WARN_UNREACHABLE_CODE = YES;
				CLANG_WARN__DUPLICATE_METHOD_MATCH = YES;
				"CODE_SIGN_IDENTITY[sdk=iphoneos*]" = "iPhone Developer";
				COPY_PHASE_STRIP = YES;
				ENABLE_NS_ASSERTIONS = NO;
				ENABLE_STRICT_OBJC_MSGSEND = YES;
				GCC_C_LANGUAGE_STANDARD = gnu99;
				GCC_WARN_64_TO_32_BIT_CONVERSION = YES;
				GCC_WARN_ABOUT_RETURN_TYPE = YES_ERROR;
				GCC_WARN_UNDECLARED_SELECTOR = YES;
				GCC_WARN_UNINITIALIZED_AUTOS = YES_AGGRESSIVE;
				GCC_WARN_UNUSED_FUNCTION = YES;
				GCC_WARN_UNUSED_VARIABLE = YES;
				IPHONEOS_DEPLOYMENT_TARGET = 9.0;
				MTL_ENABLE_DEBUG_INFO = NO;
				SDKROOT = iphoneos;
				VALIDATE_PRODUCT = YES;
			};
			name = Release;
		};
		1B0A94BB1A6C809E00DCFC85 /* Debug */ = {
			isa = XCBuildConfiguration;
			buildSettings = {
				ASSETCATALOG_COMPILER_APPICON_NAME = AppIcon;
				CODE_SIGN_ENTITLEMENTS = Insulator/Insulator.entitlements;
				CODE_SIGN_IDENTITY = "iPhone Developer";
				"CODE_SIGN_IDENTITY[sdk=iphoneos*]" = "iPhone Developer";
				INFOPLIST_FILE = Insulator/Info.plist;
				IPHONEOS_DEPLOYMENT_TARGET = 9.0;
				LD_RUNPATH_SEARCH_PATHS = "$(inherited) @executable_path/Frameworks";
				PRODUCT_BUNDLE_IDENTIFIER = "com.bendywalker.$(PRODUCT_NAME:rfc1034identifier)";
				PRODUCT_NAME = "$(TARGET_NAME)";
				PROVISIONING_PROFILE = "";
			};
			name = Debug;
		};
		1B0A94BC1A6C809E00DCFC85 /* Release */ = {
			isa = XCBuildConfiguration;
			buildSettings = {
				ASSETCATALOG_COMPILER_APPICON_NAME = AppIcon;
				CODE_SIGN_ENTITLEMENTS = Insulator/Insulator.entitlements;
				CODE_SIGN_IDENTITY = "iPhone Developer";
				"CODE_SIGN_IDENTITY[sdk=iphoneos*]" = "iPhone Developer";
				INFOPLIST_FILE = Insulator/Info.plist;
				IPHONEOS_DEPLOYMENT_TARGET = 9.0;
				LD_RUNPATH_SEARCH_PATHS = "$(inherited) @executable_path/Frameworks";
				PRODUCT_BUNDLE_IDENTIFIER = "com.bendywalker.$(PRODUCT_NAME:rfc1034identifier)";
				PRODUCT_NAME = "$(TARGET_NAME)";
				PROVISIONING_PROFILE = "";
			};
			name = Release;
		};
/* End XCBuildConfiguration section */

/* Begin XCConfigurationList section */
		1B0A94961A6C809E00DCFC85 /* Build configuration list for PBXProject "Insulator" */ = {
			isa = XCConfigurationList;
			buildConfigurations = (
				1B0A94B81A6C809E00DCFC85 /* Debug */,
				1B0A94B91A6C809E00DCFC85 /* Release */,
			);
			defaultConfigurationIsVisible = 0;
			defaultConfigurationName = Release;
		};
		1B0A94BA1A6C809E00DCFC85 /* Build configuration list for PBXNativeTarget "Insulator" */ = {
			isa = XCConfigurationList;
			buildConfigurations = (
				1B0A94BB1A6C809E00DCFC85 /* Debug */,
				1B0A94BC1A6C809E00DCFC85 /* Release */,
			);
			defaultConfigurationIsVisible = 0;
			defaultConfigurationName = Release;
		};
/* End XCConfigurationList section */
	};
	rootObject = 1B0A94931A6C809E00DCFC85 /* Project object */;
}
